
Microsoft Visual Studio Solution File, Format Version 12.00
# Visual Studio Version 16
VisualStudioVersion = 16.0.29319.158
MinimumVisualStudioVersion = 10.0.40219.1
Project("{FAE04EC0-301F-11D3-BF4B-00C04F79EFBC}") = "Domain", "CleanArchitecture.Domain\Domain.csproj", "{16262599-3E4A-4D65-BF34-BD7ED1DBF818}"
EndProject
Project("{FAE04EC0-301F-11D3-BF4B-00C04F79EFBC}") = "Application", "CleanArchitecture.Application\Application.csproj", "{9AE44D1B-5B1E-42E3-90CF-E9CEC9084FFC}"
EndProject
Project("{FAE04EC0-301F-11D3-BF4B-00C04F79EFBC}") = "Infrastructure", "CleanArchitecture.Infrastructure\Infrastructure.csproj", "{8169CEA3-BA99-49D0-9A5B-317AC4E2B5E2}"
EndProject
Project("{FAE04EC0-301F-11D3-BF4B-00C04F79EFBC}") = "WebUI", "CleanArchitecture.WebUI\WebUI.csproj", "{F1E32FE0-D01A-4781-94CD-4A0BF66EEDB1}"
EndProject
Global
	GlobalSection(SolutionConfigurationPlatforms) = preSolution
		Debug|Any CPU = Debug|Any CPU
		Release|Any CPU = Release|Any CPU
	EndGlobalSection
	GlobalSection(ProjectConfigurationPlatforms) = postSolution
		{16262599-3E4A-4D65-BF34-BD7ED1DBF818}.Debug|Any CPU.ActiveCfg = Debug|Any CPU
		{16262599-3E4A-4D65-BF34-BD7ED1DBF818}.Debug|Any CPU.Build.0 = Debug|Any CPU
		{16262599-3E4A-4D65-BF34-BD7ED1DBF818}.Release|Any CPU.ActiveCfg = Release|Any CPU
		{16262599-3E4A-4D65-BF34-BD7ED1DBF818}.Release|Any CPU.Build.0 = Release|Any CPU
		{9AE44D1B-5B1E-42E3-90CF-E9CEC9084FFC}.Debug|Any CPU.ActiveCfg = Debug|Any CPU
		{9AE44D1B-5B1E-42E3-90CF-E9CEC9084FFC}.Debug|Any CPU.Build.0 = Debug|Any CPU
		{9AE44D1B-5B1E-42E3-90CF-E9CEC9084FFC}.Release|Any CPU.ActiveCfg = Release|Any CPU
		{9AE44D1B-5B1E-42E3-90CF-E9CEC9084FFC}.Release|Any CPU.Build.0 = Release|Any CPU
		{8169CEA3-BA99-49D0-9A5B-317AC4E2B5E2}.Debug|Any CPU.ActiveCfg = Debug|Any CPU
		{8169CEA3-BA99-49D0-9A5B-317AC4E2B5E2}.Debug|Any CPU.Build.0 = Debug|Any CPU
		{8169CEA3-BA99-49D0-9A5B-317AC4E2B5E2}.Release|Any CPU.ActiveCfg = Release|Any CPU
		{8169CEA3-BA99-49D0-9A5B-317AC4E2B5E2}.Release|Any CPU.Build.0 = Release|Any CPU
		{F1E32FE0-D01A-4781-94CD-4A0BF66EEDB1}.Debug|Any CPU.ActiveCfg = Debug|Any CPU
		{F1E32FE0-D01A-4781-94CD-4A0BF66EEDB1}.Debug|Any CPU.Build.0 = Debug|Any CPU
		{F1E32FE0-D01A-4781-94CD-4A0BF66EEDB1}.Release|Any CPU.ActiveCfg = Release|Any CPU
		{F1E32FE0-D01A-4781-94CD-4A0BF66EEDB1}.Release|Any CPU.Build.0 = Release|Any CPU
	EndGlobalSection
	GlobalSection(SolutionProperties) = preSolution
		HideSolutionNode = FALSE
	EndGlobalSection
	GlobalSection(ExtensibilityGlobals) = postSolution
		SolutionGuid = {3CB609D9-5D54-4C11-A371-DAAC8B74E430}
	EndGlobalSection
EndGlobal
