Microsoft Visual Studio Solution File, Format Version 12.00
# Visual Studio Version 17
VisualStudioVersion = 17.5.2.0
MinimumVisualStudioVersion = 10.0.40219.1
Project("{FAE04EC0-301F-11D3-BF4B-00C04F79EFBC}") = "Cubido.Templates", "Cubido.Templates.csproj", "{BFD3565C-2BBD-7FE6-BDD5-90ACA20D423A}"
EndProject
Global
	GlobalSection(SolutionConfigurationPlatforms) = preSolution
		Debug|Any CPU = Debug|Any CPU
		Release|Any CPU = Release|Any CPU
	EndGlobalSection
	GlobalSection(ProjectConfigurationPlatforms) = postSolution
		{BFD3565C-2BBD-7FE6-BDD5-90ACA20D423A}.Debug|Any CPU.ActiveCfg = Debug|Any CPU
		{BFD3565C-2BBD-7FE6-BDD5-90ACA20D423A}.Debug|Any CPU.Build.0 = Debug|Any CPU
		{BFD3565C-2BBD-7FE6-BDD5-90ACA20D423A}.Release|Any CPU.ActiveCfg = Release|Any CPU
		{BFD3565C-2BBD-7FE6-BDD5-90ACA20D423A}.Release|Any CPU.Build.0 = Release|Any CPU
	EndGlobalSection
	GlobalSection(SolutionProperties) = preSolution
		HideSolutionNode = FALSE
	EndGlobalSection
	GlobalSection(ExtensibilityGlobals) = postSolution
		SolutionGuid = {F658637B-AA0D-439E-909D-D27F58F5DC73}
	EndGlobalSection
EndGlobal
